
Microsoft Visual Studio Solution File, Format Version 12.00
# Visual Studio Version 16
VisualStudioVersion = 16.0.33529.622
MinimumVisualStudioVersion = 10.0.40219.1
Project("{FAE04EC0-301F-11D3-BF4B-00C04F79EFBC}") = "Ejercicio 3", "Ejercicio 3\Ejercicio 3.csproj", "{1D38FF8E-B11D-48F3-8620-AA921ECCE321}"
EndProject
Global
	GlobalSection(SolutionConfigurationPlatforms) = preSolution
		Debug|Any CPU = Debug|Any CPU
		Release|Any CPU = Release|Any CPU
	EndGlobalSection
	GlobalSection(ProjectConfigurationPlatforms) = postSolution
		{1D38FF8E-B11D-48F3-8620-AA921ECCE321}.Debug|Any CPU.ActiveCfg = Debug|Any CPU
		{1D38FF8E-B11D-48F3-8620-AA921ECCE321}.Debug|Any CPU.Build.0 = Debug|Any CPU
		{1D38FF8E-B11D-48F3-8620-AA921ECCE321}.Release|Any CPU.ActiveCfg = Release|Any CPU
		{1D38FF8E-B11D-48F3-8620-AA921ECCE321}.Release|Any CPU.Build.0 = Release|Any CPU
	EndGlobalSection
	GlobalSection(SolutionProperties) = preSolution
		HideSolutionNode = FALSE
	EndGlobalSection
	GlobalSection(ExtensibilityGlobals) = postSolution
		SolutionGuid = {136C90DE-A413-4B99-8937-05E90F8A8C2A}
	EndGlobalSection
EndGlobal
